
Microsoft Visual Studio Solution File, Format Version 12.00
# Visual Studio 2013
VisualStudioVersion = 12.0.0.0
MinimumVisualStudioVersion = 10.0.0.1
Project("{FAE04EC0-301F-11D3-BF4B-00C04F79EFBC}") = "Akka.NetCore", "Akka.NetCore/Akka.NetCore.csproj", "{05978C6E-A061-4E52-9AF1-FB1E5404B8AE}"
EndProject
Global
	GlobalSection(SolutionConfigurationPlatforms) = preSolution
		Debug|Any CPU = Debug|Any CPU
		Release|Any CPU = Release|Any CPU
	EndGlobalSection
	GlobalSection(ProjectConfigurationPlatforms) = postSolution
		{05978C6E-A061-4E52-9AF1-FB1E5404B8AE}.Debug|Any CPU.ActiveCfg = Debug|Any CPU
		{05978C6E-A061-4E52-9AF1-FB1E5404B8AE}.Debug|Any CPU.Build.0 = Debug|Any CPU
		{05978C6E-A061-4E52-9AF1-FB1E5404B8AE}.Release|Any CPU.ActiveCfg = Release|Any CPU
		{05978C6E-A061-4E52-9AF1-FB1E5404B8AE}.Release|Any CPU.Build.0 = Release|Any CPU
	EndGlobalSection
	GlobalSection(SolutionProperties) = preSolution
		HideSolutionNode = FALSE
	EndGlobalSection
EndGlobal
